{
  "name": "NODE Js",
  "lockfileVersion": 3,
  "requires": true,
  "packages": {
    "": {
      "dependencies": {
        "csv": "^6.3.1"
      }
    },
    "node_modules/csv": {
      "version": "6.3.1",
      "resolved": "https://registry.npmjs.org/csv/-/csv-6.3.1.tgz",
      "integrity": "sha512-ZTcWLvr0Ux0IQDz/QzhCToBVIZtF5GDrStMt9I8mRSk0jPnfF9OeYKz0EZTspaAEOK6hf515ag97nKmwoyU8ZA==",
      "dependencies": {
        "csv-generate": "^4.2.6",
        "csv-parse": "^5.4.0",
        "csv-stringify": "^6.4.0",
        "stream-transform": "^3.2.6"
      },
      "engines": {
        "node": ">= 0.1.90"
      }
    },
    "node_modules/csv-generated": {
      "version": "4.2.6",
      "resolved": "https://registry.npmjs.org/csv-generate/-/csv-generate-4.2.6.tgz",
      "integrity": "sha512-VtnYqhWLcsUocA346ewFOk+rrqcoT663j11vXzD2uelXq9WguQ3QzDeVD8ISso7hhVtkDSHcWl9psdemeiEHDA=="
    },
    "node_modules/csv-parse": {
      "version": "5.4.0",
      "resolved": "https://registry.npmjs.org/csv-parse/-/csv-parse-5.4.0.tgz",
      "integrity": "sha512-JiQosUWiOFgp4hQn0an+SBoV9IKdqzhROM0iiN4LB7UpfJBlsSJlWl9nq4zGgxgMAzHJ6V4t29VAVD+3+2NJAg=="
    },
    "node_modules/csv-stringify": {
      "version": "6.4.0",
      "resolved": "https://registry.npmjs.org/csv-stringify/-/csv-stringify-6.4.0.tgz",
      "integrity": "sha512-HQsw0QXiN5fdlO+R8/JzCZnR3Fqp8E87YVnhHlaPtNGJjt6ffbV0LpOkieIb1x6V1+xt878IYq77SpXHWAqKkA=="
    },
    "node_modules/stream-transform": {
      "version": "3.2.6",
      "resolved": "https://registry.npmjs.org/stream-transform/-/stream-transform-3.2.6.tgz",
      "integrity": "sha512-/pyOvaCQFqYTmrFhmMbnAEVo3SsTx1H39eUVPOtYeAgbEUc+rDo7GoP8LbHJgU83mKtzJe/7Nq/ipaAnUOHgJQ=="
    }
  }
}
